
Microsoft Visual Studio Solution File, Format Version 12.00
# Visual Studio Version 16
VisualStudioVersion = 16.0.32901.82
MinimumVisualStudioVersion = 10.0.40219.1
Project("{FAE04EC0-301F-11D3-BF4B-00C04F79EFBC}") = "CannyEdgeDetection", "CannyEdgeDetection\CannyEdgeDetection.csproj", "{191CDF4B-584A-45CB-85AE-DBBBCE3B2303}"
EndProject
Global
	GlobalSection(SolutionConfigurationPlatforms) = preSolution
		Debug|Any CPU = Debug|Any CPU
		Release|Any CPU = Release|Any CPU
	EndGlobalSection
	GlobalSection(ProjectConfigurationPlatforms) = postSolution
		{191CDF4B-584A-45CB-85AE-DBBBCE3B2303}.Debug|Any CPU.ActiveCfg = Debug|Any CPU
		{191CDF4B-584A-45CB-85AE-DBBBCE3B2303}.Debug|Any CPU.Build.0 = Debug|Any CPU
		{191CDF4B-584A-45CB-85AE-DBBBCE3B2303}.Release|Any CPU.ActiveCfg = Release|Any CPU
		{191CDF4B-584A-45CB-85AE-DBBBCE3B2303}.Release|Any CPU.Build.0 = Release|Any CPU
	EndGlobalSection
	GlobalSection(SolutionProperties) = preSolution
		HideSolutionNode = FALSE
	EndGlobalSection
	GlobalSection(ExtensibilityGlobals) = postSolution
		SolutionGuid = {A646FF1E-999E-4DD3-863F-5ACF43BBA9A9}
	EndGlobalSection
EndGlobal
